
Microsoft Visual Studio Solution File, Format Version 12.00
# Visual Studio 15
VisualStudioVersion = 15.0.27703.2035
MinimumVisualStudioVersion = 10.0.40219.1
Project("{FAE04EC0-301F-11D3-BF4B-00C04F79EFBC}") = "CommitteesManager.Agenda", "CommitteesManager.Agenda\CommitteesManager.Agenda.csproj", "{3E29A960-5471-4AF4-BDEC-0D0A843C580F}"
EndProject
Project("{00D1A9C2-B5F0-4AF3-8072-F6C62B433612}") = "CommitteesManager.SQLDatabase", "CommitteesManager.SQLDatabase\CommitteesManager.SQLDatabase.sqlproj", "{9E1AB47A-8F52-400A-8968-F8AF2DD86E49}"
EndProject
Project("{FAE04EC0-301F-11D3-BF4B-00C04F79EFBC}") = "CommittessManager.DAL", "CommittessManager.DAL\CommittessManager.DAL.csproj", "{9C860DCF-0D9A-4C98-A787-A2A7EC9CA078}"
EndProject
Project("{FAE04EC0-301F-11D3-BF4B-00C04F79EFBC}") = "CommitteesManager.AppUIClient", "CommitteesManager.AppUIClient\CommitteesManager.AppUIClient.csproj", "{A1B8F4E3-0053-435E-891B-7AB5ADDBDE47}"
EndProject
Project("{FAE04EC0-301F-11D3-BF4B-00C04F79EFBC}") = "CommittessManager.BLL", "CommittessManager.BLL\CommittessManager.BLL.csproj", "{340F0097-B342-4A2A-95D3-C727F88A74AB}"
EndProject
Global
	GlobalSection(SolutionConfigurationPlatforms) = preSolution
		Debug|Any CPU = Debug|Any CPU
		Release|Any CPU = Release|Any CPU
	EndGlobalSection
	GlobalSection(ProjectConfigurationPlatforms) = postSolution
		{3E29A960-5471-4AF4-BDEC-0D0A843C580F}.Debug|Any CPU.ActiveCfg = Debug|Any CPU
		{3E29A960-5471-4AF4-BDEC-0D0A843C580F}.Debug|Any CPU.Build.0 = Debug|Any CPU
		{3E29A960-5471-4AF4-BDEC-0D0A843C580F}.Release|Any CPU.ActiveCfg = Release|Any CPU
		{3E29A960-5471-4AF4-BDEC-0D0A843C580F}.Release|Any CPU.Build.0 = Release|Any CPU
		{9E1AB47A-8F52-400A-8968-F8AF2DD86E49}.Debug|Any CPU.ActiveCfg = Debug|Any CPU
		{9E1AB47A-8F52-400A-8968-F8AF2DD86E49}.Debug|Any CPU.Build.0 = Debug|Any CPU
		{9E1AB47A-8F52-400A-8968-F8AF2DD86E49}.Debug|Any CPU.Deploy.0 = Debug|Any CPU
		{9E1AB47A-8F52-400A-8968-F8AF2DD86E49}.Release|Any CPU.ActiveCfg = Release|Any CPU
		{9E1AB47A-8F52-400A-8968-F8AF2DD86E49}.Release|Any CPU.Build.0 = Release|Any CPU
		{9E1AB47A-8F52-400A-8968-F8AF2DD86E49}.Release|Any CPU.Deploy.0 = Release|Any CPU
		{9C860DCF-0D9A-4C98-A787-A2A7EC9CA078}.Debug|Any CPU.ActiveCfg = Debug|Any CPU
		{9C860DCF-0D9A-4C98-A787-A2A7EC9CA078}.Debug|Any CPU.Build.0 = Debug|Any CPU
		{9C860DCF-0D9A-4C98-A787-A2A7EC9CA078}.Release|Any CPU.ActiveCfg = Release|Any CPU
		{9C860DCF-0D9A-4C98-A787-A2A7EC9CA078}.Release|Any CPU.Build.0 = Release|Any CPU
		{A1B8F4E3-0053-435E-891B-7AB5ADDBDE47}.Debug|Any CPU.ActiveCfg = Debug|Any CPU
		{A1B8F4E3-0053-435E-891B-7AB5ADDBDE47}.Debug|Any CPU.Build.0 = Debug|Any CPU
		{A1B8F4E3-0053-435E-891B-7AB5ADDBDE47}.Release|Any CPU.ActiveCfg = Release|Any CPU
		{A1B8F4E3-0053-435E-891B-7AB5ADDBDE47}.Release|Any CPU.Build.0 = Release|Any CPU
		{340F0097-B342-4A2A-95D3-C727F88A74AB}.Debug|Any CPU.ActiveCfg = Debug|Any CPU
		{340F0097-B342-4A2A-95D3-C727F88A74AB}.Debug|Any CPU.Build.0 = Debug|Any CPU
		{340F0097-B342-4A2A-95D3-C727F88A74AB}.Release|Any CPU.ActiveCfg = Release|Any CPU
		{340F0097-B342-4A2A-95D3-C727F88A74AB}.Release|Any CPU.Build.0 = Release|Any CPU
	EndGlobalSection
	GlobalSection(SolutionProperties) = preSolution
		HideSolutionNode = FALSE
	EndGlobalSection
	GlobalSection(ExtensibilityGlobals) = postSolution
		SolutionGuid = {32A429B8-170C-4E4F-8F92-5B8FA18E94AC}
	EndGlobalSection
EndGlobal
